
Microsoft Visual Studio Solution File, Format Version 12.00
# Visual Studio Version 17
VisualStudioVersion = 17.0.31903.59
MinimumVisualStudioVersion = 10.0.40219.1
Project("{2150E333-8FDC-42A3-9474-1A3956D46DE8}") = "src", "src", "{F342B59D-C68C-48C3-9474-7B9AE1228447}"
EndProject
Project("{FAE04EC0-301F-11D3-BF4B-00C04F79EFBC}") = "Modeling1", "src\Modeling1\Modeling1.csproj", "{EF6E2F47-308A-4F57-B0D4-827170BAB1E4}"
EndProject
Project("{FAE04EC0-301F-11D3-BF4B-00C04F79EFBC}") = "Modeling2", "src\Modeling2\Modeling2.csproj", "{529FE805-3C4A-4084-A1F9-635CDE76867E}"
EndProject
Global
	GlobalSection(SolutionConfigurationPlatforms) = preSolution
		Debug|Any CPU = Debug|Any CPU
		Release|Any CPU = Release|Any CPU
	EndGlobalSection
	GlobalSection(SolutionProperties) = preSolution
		HideSolutionNode = FALSE
	EndGlobalSection
	GlobalSection(ProjectConfigurationPlatforms) = postSolution
		{EF6E2F47-308A-4F57-B0D4-827170BAB1E4}.Debug|Any CPU.ActiveCfg = Debug|Any CPU
		{EF6E2F47-308A-4F57-B0D4-827170BAB1E4}.Debug|Any CPU.Build.0 = Debug|Any CPU
		{EF6E2F47-308A-4F57-B0D4-827170BAB1E4}.Release|Any CPU.ActiveCfg = Release|Any CPU
		{EF6E2F47-308A-4F57-B0D4-827170BAB1E4}.Release|Any CPU.Build.0 = Release|Any CPU
		{529FE805-3C4A-4084-A1F9-635CDE76867E}.Debug|Any CPU.ActiveCfg = Debug|Any CPU
		{529FE805-3C4A-4084-A1F9-635CDE76867E}.Debug|Any CPU.Build.0 = Debug|Any CPU
		{529FE805-3C4A-4084-A1F9-635CDE76867E}.Release|Any CPU.ActiveCfg = Release|Any CPU
		{529FE805-3C4A-4084-A1F9-635CDE76867E}.Release|Any CPU.Build.0 = Release|Any CPU
	EndGlobalSection
	GlobalSection(NestedProjects) = preSolution
		{EF6E2F47-308A-4F57-B0D4-827170BAB1E4} = {F342B59D-C68C-48C3-9474-7B9AE1228447}
		{529FE805-3C4A-4084-A1F9-635CDE76867E} = {F342B59D-C68C-48C3-9474-7B9AE1228447}
	EndGlobalSection
EndGlobal
